
Microsoft Visual Studio Solution File, Format Version 12.00
# Visual Studio 14
VisualStudioVersion = 14.0.24720.0
MinimumVisualStudioVersion = 10.0.40219.1
Project("{FAE04EC0-301F-11D3-BF4B-00C04F79EFBC}") = "EmilioMarket", "EmilioMarket\EmilioMarket.csproj", "{530151AF-71BA-4330-B80F-E21AAA9DD528}"
EndProject
Project("{FAE04EC0-301F-11D3-BF4B-00C04F79EFBC}") = "EmilioMarket.Tests", "EmilioMarket.Tests\EmilioMarket.Tests.csproj", "{C86D73C3-C544-43C6-825D-73B72356CE71}"
EndProject
Project("{FAE04EC0-301F-11D3-BF4B-00C04F79EFBC}") = "wcf", "wcf\wcf.csproj", "{DBF0C96C-1AD0-4905-8CFB-6D429837FB8E}"
EndProject
Global
	GlobalSection(SolutionConfigurationPlatforms) = preSolution
		Debug|Any CPU = Debug|Any CPU
		Release|Any CPU = Release|Any CPU
	EndGlobalSection
	GlobalSection(ProjectConfigurationPlatforms) = postSolution
		{530151AF-71BA-4330-B80F-E21AAA9DD528}.Debug|Any CPU.ActiveCfg = Debug|Any CPU
		{530151AF-71BA-4330-B80F-E21AAA9DD528}.Debug|Any CPU.Build.0 = Debug|Any CPU
		{530151AF-71BA-4330-B80F-E21AAA9DD528}.Release|Any CPU.ActiveCfg = Release|Any CPU
		{530151AF-71BA-4330-B80F-E21AAA9DD528}.Release|Any CPU.Build.0 = Release|Any CPU
		{C86D73C3-C544-43C6-825D-73B72356CE71}.Debug|Any CPU.ActiveCfg = Debug|Any CPU
		{C86D73C3-C544-43C6-825D-73B72356CE71}.Debug|Any CPU.Build.0 = Debug|Any CPU
		{C86D73C3-C544-43C6-825D-73B72356CE71}.Release|Any CPU.ActiveCfg = Release|Any CPU
		{C86D73C3-C544-43C6-825D-73B72356CE71}.Release|Any CPU.Build.0 = Release|Any CPU
		{DBF0C96C-1AD0-4905-8CFB-6D429837FB8E}.Debug|Any CPU.ActiveCfg = Debug|Any CPU
		{DBF0C96C-1AD0-4905-8CFB-6D429837FB8E}.Debug|Any CPU.Build.0 = Debug|Any CPU
		{DBF0C96C-1AD0-4905-8CFB-6D429837FB8E}.Release|Any CPU.ActiveCfg = Release|Any CPU
		{DBF0C96C-1AD0-4905-8CFB-6D429837FB8E}.Release|Any CPU.Build.0 = Release|Any CPU
	EndGlobalSection
	GlobalSection(SolutionProperties) = preSolution
		HideSolutionNode = FALSE
	EndGlobalSection
EndGlobal
